
Microsoft Visual Studio Solution File, Format Version 10.00
# Visual Studio 2008
Project("{FAE04EC0-301F-11D3-BF4B-00C04F79EFBC}") = "YeHeCommuniServer", "YeHeCommuniServer\YeHeCommuniServer.csproj", "{3C37DCAB-363D-4338-BB38-528E7E0EAA64}"
EndProject
Project("{2150E333-8FDC-42A3-9474-1A3956D46DE8}") = "Solution Items", "Solution Items", "{44DCDDAD-DF1F-4A57-A3DB-40057DD4F0D7}"
EndProject
Project("{FAE04EC0-301F-11D3-BF4B-00C04F79EFBC}") = "FormulaTest", "FormulaTest\FormulaTest.csproj", "{7C097803-887E-412E-BE2C-79E4C3DBCE9D}"
EndProject
Project("{FAE04EC0-301F-11D3-BF4B-00C04F79EFBC}") = "Xdgk.CF", "Xdgk.CF\Xdgk.CF.csproj", "{FE0A10BB-2992-4368-B4C5-518D80718B60}"
EndProject
Global
	GlobalSection(SubversionScc) = preSolution
		Svn-Managed = True
		Manager = AnkhSVN - Subversion Support for Visual Studio
	EndGlobalSection
	GlobalSection(SolutionConfigurationPlatforms) = preSolution
		Debug|Any CPU = Debug|Any CPU
		Release|Any CPU = Release|Any CPU
	EndGlobalSection
	GlobalSection(ProjectConfigurationPlatforms) = postSolution
		{3C37DCAB-363D-4338-BB38-528E7E0EAA64}.Debug|Any CPU.ActiveCfg = Debug|Any CPU
		{3C37DCAB-363D-4338-BB38-528E7E0EAA64}.Debug|Any CPU.Build.0 = Debug|Any CPU
		{3C37DCAB-363D-4338-BB38-528E7E0EAA64}.Release|Any CPU.ActiveCfg = Release|Any CPU
		{3C37DCAB-363D-4338-BB38-528E7E0EAA64}.Release|Any CPU.Build.0 = Release|Any CPU
		{7C097803-887E-412E-BE2C-79E4C3DBCE9D}.Debug|Any CPU.ActiveCfg = Debug|Any CPU
		{7C097803-887E-412E-BE2C-79E4C3DBCE9D}.Debug|Any CPU.Build.0 = Debug|Any CPU
		{7C097803-887E-412E-BE2C-79E4C3DBCE9D}.Release|Any CPU.ActiveCfg = Release|Any CPU
		{7C097803-887E-412E-BE2C-79E4C3DBCE9D}.Release|Any CPU.Build.0 = Release|Any CPU
		{FE0A10BB-2992-4368-B4C5-518D80718B60}.Debug|Any CPU.ActiveCfg = Debug|Any CPU
		{FE0A10BB-2992-4368-B4C5-518D80718B60}.Debug|Any CPU.Build.0 = Debug|Any CPU
		{FE0A10BB-2992-4368-B4C5-518D80718B60}.Release|Any CPU.ActiveCfg = Release|Any CPU
		{FE0A10BB-2992-4368-B4C5-518D80718B60}.Release|Any CPU.Build.0 = Release|Any CPU
	EndGlobalSection
	GlobalSection(SolutionProperties) = preSolution
		HideSolutionNode = FALSE
	EndGlobalSection
EndGlobal
