
Microsoft Visual Studio Solution File, Format Version 10.00
# Visual Studio 2008
Project("{FAE04EC0-301F-11D3-BF4B-00C04F79EFBC}") = "Xdgk.Communi", "Xdgk.Communi.csproj", "{52332754-83B9-48FC-B72B-F2D09FC4A02F}"
EndProject
Project("{FAE04EC0-301F-11D3-BF4B-00C04F79EFBC}") = "Xdgk.Communi.Interface", "..\Xdgk.Communi.Interface\Xdgk.Communi.Interface.csproj", "{65166530-2CBD-4210-8BBB-76A00509D2D4}"
EndProject
Global
	GlobalSection(SolutionConfigurationPlatforms) = preSolution
		Debug|Any CPU = Debug|Any CPU
		Release|Any CPU = Release|Any CPU
	EndGlobalSection
	GlobalSection(ProjectConfigurationPlatforms) = postSolution
		{52332754-83B9-48FC-B72B-F2D09FC4A02F}.Debug|Any CPU.ActiveCfg = Debug|Any CPU
		{52332754-83B9-48FC-B72B-F2D09FC4A02F}.Debug|Any CPU.Build.0 = Debug|Any CPU
		{52332754-83B9-48FC-B72B-F2D09FC4A02F}.Release|Any CPU.ActiveCfg = Release|Any CPU
		{52332754-83B9-48FC-B72B-F2D09FC4A02F}.Release|Any CPU.Build.0 = Release|Any CPU
		{65166530-2CBD-4210-8BBB-76A00509D2D4}.Debug|Any CPU.ActiveCfg = Debug|Any CPU
		{65166530-2CBD-4210-8BBB-76A00509D2D4}.Debug|Any CPU.Build.0 = Debug|Any CPU
		{65166530-2CBD-4210-8BBB-76A00509D2D4}.Release|Any CPU.ActiveCfg = Release|Any CPU
		{65166530-2CBD-4210-8BBB-76A00509D2D4}.Release|Any CPU.Build.0 = Release|Any CPU
	EndGlobalSection
	GlobalSection(SolutionProperties) = preSolution
		HideSolutionNode = FALSE
	EndGlobalSection
EndGlobal
